
Microsoft Visual Studio Solution File, Format Version 12.00
# Visual Studio Version 16
VisualStudioVersion = 16.0.29009.5
MinimumVisualStudioVersion = 10.0.40219.1
Project("{FAE04EC0-301F-11D3-BF4B-00C04F79EFBC}") = "DVBTTelevizor.Android", "DVBTTelevizor\DVBTTelevizor.Android\DVBTTelevizor.Android.csproj", "{F151692A-25DB-4364-982D-96A1FBDFE9B8}"
EndProject
Project("{FAE04EC0-301F-11D3-BF4B-00C04F79EFBC}") = "DVBTTelevizor", "DVBTTelevizor\DVBTTelevizor\DVBTTelevizor.csproj", "{DDF26E90-BCC0-464E-BBA2-DAF9E64D0701}"
EndProject
Global
	GlobalSection(SolutionConfigurationPlatforms) = preSolution
		Debug|Any CPU = Debug|Any CPU
		Release|Any CPU = Release|Any CPU
	EndGlobalSection
	GlobalSection(ProjectConfigurationPlatforms) = postSolution
		{F151692A-25DB-4364-982D-96A1FBDFE9B8}.Debug|Any CPU.ActiveCfg = Debug|Any CPU
		{F151692A-25DB-4364-982D-96A1FBDFE9B8}.Debug|Any CPU.Build.0 = Debug|Any CPU
		{F151692A-25DB-4364-982D-96A1FBDFE9B8}.Debug|Any CPU.Deploy.0 = Debug|Any CPU
		{F151692A-25DB-4364-982D-96A1FBDFE9B8}.Release|Any CPU.ActiveCfg = Release|Any CPU
		{F151692A-25DB-4364-982D-96A1FBDFE9B8}.Release|Any CPU.Build.0 = Release|Any CPU
		{F151692A-25DB-4364-982D-96A1FBDFE9B8}.Release|Any CPU.Deploy.0 = Release|Any CPU
		{DDF26E90-BCC0-464E-BBA2-DAF9E64D0701}.Debug|Any CPU.ActiveCfg = Debug|Any CPU
		{DDF26E90-BCC0-464E-BBA2-DAF9E64D0701}.Debug|Any CPU.Build.0 = Debug|Any CPU
		{DDF26E90-BCC0-464E-BBA2-DAF9E64D0701}.Debug|Any CPU.Deploy.0 = Debug|Any CPU
		{DDF26E90-BCC0-464E-BBA2-DAF9E64D0701}.Release|Any CPU.ActiveCfg = Release|Any CPU
		{DDF26E90-BCC0-464E-BBA2-DAF9E64D0701}.Release|Any CPU.Build.0 = Release|Any CPU
		{DDF26E90-BCC0-464E-BBA2-DAF9E64D0701}.Release|Any CPU.Deploy.0 = Release|Any CPU
	EndGlobalSection
	GlobalSection(SolutionProperties) = preSolution
		HideSolutionNode = FALSE
	EndGlobalSection
	GlobalSection(ExtensibilityGlobals) = postSolution
		SolutionGuid = {8467F2DC-71E6-4787-8A43-455DF3FEE29C}
	EndGlobalSection
EndGlobal
